// !$*UTF8*$!
{
	archiveVersion = 1;
	classes = {
	};
	objectVersion = 50;
	objects = {

/* Begin PBXBuildFile section */
		48AC07BE22672EFF006C2450 /* SkillsTableViewCell.swift in Sources */ = {isa = PBXBuildFile; fileRef = 48AC07BD22672EFF006C2450 /* SkillsTableViewCell.swift */; };
		48BBCCB822622A8E005A5A69 /* AppDelegate.swift in Sources */ = {isa = PBXBuildFile; fileRef = 48BBCCB722622A8E005A5A69 /* AppDelegate.swift */; };
		48BBCCBD22622A8E005A5A69 /* Main.storyboard in Resources */ = {isa = PBXBuildFile; fileRef = 48BBCCBB22622A8E005A5A69 /* Main.storyboard */; };
		48BBCCBF22622A90005A5A69 /* Assets.xcassets in Resources */ = {isa = PBXBuildFile; fileRef = 48BBCCBE22622A90005A5A69 /* Assets.xcassets */; };
		48BBCCC222622A90005A5A69 /* LaunchScreen.storyboard in Resources */ = {isa = PBXBuildFile; fileRef = 48BBCCC022622A90005A5A69 /* LaunchScreen.storyboard */; };
		48BBCCD62262526D005A5A69 /* ResumeViewController.swift in Sources */ = {isa = PBXBuildFile; fileRef = 48BBCCD52262526D005A5A69 /* ResumeViewController.swift */; };
		48C816AC2264C2BE00CFEF16 /* Skill.swift in Sources */ = {isa = PBXBuildFile; fileRef = 48C816AB2264C2BE00CFEF16 /* Skill.swift */; };
		48D413B4226A263100F4D155 /* DetailsViewController.swift in Sources */ = {isa = PBXBuildFile; fileRef = 48D413B3226A263100F4D155 /* DetailsViewController.swift */; };
		48FD4A7022626528000EE7B6 /* UIColorExtension.swift in Sources */ = {isa = PBXBuildFile; fileRef = 48FD4A6F22626528000EE7B6 /* UIColorExtension.swift */; };
		48FD4A72226267F6000EE7B6 /* AboutMeViewController.swift in Sources */ = {isa = PBXBuildFile; fileRef = 48FD4A71226267F6000EE7B6 /* AboutMeViewController.swift */; };
		48FD4A7422632732000EE7B6 /* MainViewController.swift in Sources */ = {isa = PBXBuildFile; fileRef = 48FD4A7322632732000EE7B6 /* MainViewController.swift */; };
		48FD4A7622632912000EE7B6 /* SkillsTableViewController.swift in Sources */ = {isa = PBXBuildFile; fileRef = 48FD4A7522632912000EE7B6 /* SkillsTableViewController.swift */; };
/* End PBXBuildFile section */

/* Begin PBXFileReference section */
		48AC07BD22672EFF006C2450 /* SkillsTableViewCell.swift */ = {isa = PBXFileReference; lastKnownFileType = sourcecode.swift; path = SkillsTableViewCell.swift; sourceTree = "<group>"; };
		48BBCCB422622A8E005A5A69 /* MyCV.app */ = {isa = PBXFileReference; explicitFileType = wrapper.application; includeInIndex = 0; path = MyCV.app; sourceTree = BUILT_PRODUCTS_DIR; };
		48BBCCB722622A8E005A5A69 /* AppDelegate.swift */ = {isa = PBXFileReference; lastKnownFileType = sourcecode.swift; path = AppDelegate.swift; sourceTree = "<group>"; };
		48BBCCBC22622A8E005A5A69 /* Base */ = {isa = PBXFileReference; lastKnownFileType = file.storyboard; name = Base; path = Base.lproj/Main.storyboard; sourceTree = "<group>"; };
		48BBCCBE22622A90005A5A69 /* Assets.xcassets */ = {isa = PBXFileReference; lastKnownFileType = folder.assetcatalog; path = Assets.xcassets; sourceTree = "<group>"; };
		48BBCCC122622A90005A5A69 /* Base */ = {isa = PBXFileReference; lastKnownFileType = file.storyboard; name = Base; path = Base.lproj/LaunchScreen.storyboard; sourceTree = "<group>"; };
		48BBCCC322622A90005A5A69 /* Info.plist */ = {isa = PBXFileReference; lastKnownFileType = text.plist.xml; path = Info.plist; sourceTree = "<group>"; };
		48BBCCD52262526D005A5A69 /* ResumeViewController.swift */ = {isa = PBXFileReference; lastKnownFileType = sourcecode.swift; path = ResumeViewController.swift; sourceTree = "<group>"; };
		48C816AB2264C2BE00CFEF16 /* Skill.swift */ = {isa = PBXFileReference; lastKnownFileType = sourcecode.swift; path = Skill.swift; sourceTree = "<group>"; };
		48D413B3226A263100F4D155 /* DetailsViewController.swift */ = {isa = PBXFileReference; lastKnownFileType = sourcecode.swift; path = DetailsViewController.swift; sourceTree = "<group>"; };
		48FD4A6F22626528000EE7B6 /* UIColorExtension.swift */ = {isa = PBXFileReference; lastKnownFileType = sourcecode.swift; path = UIColorExtension.swift; sourceTree = "<group>"; };
		48FD4A71226267F6000EE7B6 /* AboutMeViewController.swift */ = {isa = PBXFileReference; lastKnownFileType = sourcecode.swift; path = AboutMeViewController.swift; sourceTree = "<group>"; };
		48FD4A7322632732000EE7B6 /* MainViewController.swift */ = {isa = PBXFileReference; lastKnownFileType = sourcecode.swift; path = MainViewController.swift; sourceTree = "<group>"; };
		48FD4A7522632912000EE7B6 /* SkillsTableViewController.swift */ = {isa = PBXFileReference; lastKnownFileType = sourcecode.swift; path = SkillsTableViewController.swift; sourceTree = "<group>"; };
/* End PBXFileReference section */

/* Begin PBXFrameworksBuildPhase section */
		48BBCCB122622A8E005A5A69 /* Frameworks */ = {
			isa = PBXFrameworksBuildPhase;
			buildActionMask = 2147483647;
			files = (
			);
			runOnlyForDeploymentPostprocessing = 0;
		};
/* End PBXFrameworksBuildPhase section */

/* Begin PBXGroup section */
		48BBCCAB22622A8E005A5A69 = {
			isa = PBXGroup;
			children = (
				48BBCCB622622A8E005A5A69 /* MyCV */,
				48BBCCB522622A8E005A5A69 /* Products */,
			);
			sourceTree = "<group>";
		};
		48BBCCB522622A8E005A5A69 /* Products */ = {
			isa = PBXGroup;
			children = (
				48BBCCB422622A8E005A5A69 /* MyCV.app */,
			);
			name = Products;
			sourceTree = "<group>";
		};
		48BBCCB622622A8E005A5A69 /* MyCV */ = {
			isa = PBXGroup;
			children = (
				48BBCCB722622A8E005A5A69 /* AppDelegate.swift */,
				48FD4A6F22626528000EE7B6 /* UIColorExtension.swift */,
				48BBCCD3226231D4005A5A69 /* Controller */,
				48C816AD2264C2F900CFEF16 /* Model */,
				48BBCCBB22622A8E005A5A69 /* Main.storyboard */,
				48BBCCBE22622A90005A5A69 /* Assets.xcassets */,
				48BBCCC022622A90005A5A69 /* LaunchScreen.storyboard */,
				48BBCCC322622A90005A5A69 /* Info.plist */,
			);
			path = MyCV;
			sourceTree = "<group>";
		};
		48BBCCD3226231D4005A5A69 /* Controller */ = {
			isa = PBXGroup;
			children = (
				48FD4A7322632732000EE7B6 /* MainViewController.swift */,
				48BBCCD52262526D005A5A69 /* ResumeViewController.swift */,
				48FD4A71226267F6000EE7B6 /* AboutMeViewController.swift */,
				48FD4A7522632912000EE7B6 /* SkillsTableViewController.swift */,
				48AC07BD22672EFF006C2450 /* SkillsTableViewCell.swift */,
				48D413B3226A263100F4D155 /* DetailsViewController.swift */,
			);
			path = Controller;
			sourceTree = "<group>";
		};
		48C816AD2264C2F900CFEF16 /* Model */ = {
			isa = PBXGroup;
			children = (
				48C816AB2264C2BE00CFEF16 /* Skill.swift */,
			);
			path = Model;
			sourceTree = "<group>";
		};
/* End PBXGroup section */

/* Begin PBXNativeTarget section */
		48BBCCB322622A8E005A5A69 /* MyCV */ = {
			isa = PBXNativeTarget;
			buildConfigurationList = 48BBCCC622622A90005A5A69 /* Build configuration list for PBXNativeTarget "MyCV" */;
			buildPhases = (
				48BBCCB022622A8E005A5A69 /* Sources */,
				48BBCCB122622A8E005A5A69 /* Frameworks */,
				48BBCCB222622A8E005A5A69 /* Resources */,
			);
			buildRules = (
			);
			dependencies = (
			);
			name = MyCV;
			productName = MyCV;
			productReference = 48BBCCB422622A8E005A5A69 /* MyCV.app */;
			productType = "com.apple.product-type.application";
		};
/* End PBXNativeTarget section */

/* Begin PBXProject section */
		48BBCCAC22622A8E005A5A69 /* Project object */ = {
			isa = PBXProject;
			attributes = {
				LastSwiftUpdateCheck = 1010;
				LastUpgradeCheck = 1010;
				ORGANIZATIONNAME = "Mykyta Gorbulya";
				TargetAttributes = {
					48BBCCB322622A8E005A5A69 = {
						CreatedOnToolsVersion = 10.1;
						LastSwiftMigration = 1020;
					};
				};
			};
			buildConfigurationList = 48BBCCAF22622A8E005A5A69 /* Build configuration list for PBXProject "MyCV" */;
			compatibilityVersion = "Xcode 9.3";
			developmentRegion = en;
			hasScannedForEncodings = 0;
			knownRegions = (
				en,
				Base,
			);
			mainGroup = 48BBCCAB22622A8E005A5A69;
			productRefGroup = 48BBCCB522622A8E005A5A69 /* Products */;
			projectDirPath = "";
			projectRoot = "";
			targets = (
				48BBCCB322622A8E005A5A69 /* MyCV */,
			);
		};
/* End PBXProject section */

/* Begin PBXResourcesBuildPhase section */
		48BBCCB222622A8E005A5A69 /* Resources */ = {
			isa = PBXResourcesBuildPhase;
			buildActionMask = 2147483647;
			files = (
				48BBCCC222622A90005A5A69 /* LaunchScreen.storyboard in Resources */,
				48BBCCBF22622A90005A5A69 /* Assets.xcassets in Resources */,
				48BBCCBD22622A8E005A5A69 /* Main.storyboard in Resources */,
			);
			runOnlyForDeploymentPostprocessing = 0;
		};
/* End PBXResourcesBuildPhase section */

/* Begin PBXSourcesBuildPhase section */
		48BBCCB022622A8E005A5A69 /* Sources */ = {
			isa = PBXSourcesBuildPhase;
			buildActionMask = 2147483647;
			files = (
				48BBCCD62262526D005A5A69 /* ResumeViewController.swift in Sources */,
				48AC07BE22672EFF006C2450 /* SkillsTableViewCell.swift in Sources */,
				48D413B4226A263100F4D155 /* DetailsViewController.swift in Sources */,
				48BBCCB822622A8E005A5A69 /* AppDelegate.swift in Sources */,
				48FD4A72226267F6000EE7B6 /* AboutMeViewController.swift in Sources */,
				48FD4A7622632912000EE7B6 /* SkillsTableViewController.swift in Sources */,
				48C816AC2264C2BE00CFEF16 /* Skill.swift in Sources */,
				48FD4A7022626528000EE7B6 /* UIColorExtension.swift in Sources */,
				48FD4A7422632732000EE7B6 /* MainViewController.swift in Sources */,
			);
			runOnlyForDeploymentPostprocessing = 0;
		};
/* End PBXSourcesBuildPhase section */

/* Begin PBXVariantGroup section */
		48BBCCBB22622A8E005A5A69 /* Main.storyboard */ = {
			isa = PBXVariantGroup;
			children = (
				48BBCCBC22622A8E005A5A69 /* Base */,
			);
			name = Main.storyboard;
			sourceTree = "<group>";
		};
		48BBCCC022622A90005A5A69 /* LaunchScreen.storyboard */ = {
			isa = PBXVariantGroup;
			children = (
				48BBCCC122622A90005A5A69 /* Base */,
			);
			name = LaunchScreen.storyboard;
			sourceTree = "<group>";
		};
/* End PBXVariantGroup section */

/* Begin XCBuildConfiguration section */
		48BBCCC422622A90005A5A69 /* Debug */ = {
			isa = XCBuildConfiguration;
			buildSettings = {
				ALWAYS_SEARCH_USER_PATHS = NO;
				CLANG_ANALYZER_NONNULL = YES;
				CLANG_ANALYZER_NUMBER_OBJECT_CONVERSION = YES_AGGRESSIVE;
				CLANG_CXX_LANGUAGE_STANDARD = "gnu++14";
				CLANG_CXX_LIBRARY = "libc++";
				CLANG_ENABLE_MODULES = YES;
				CLANG_ENABLE_OBJC_ARC = YES;
				CLANG_ENABLE_OBJC_WEAK = YES;
				CLANG_WARN_BLOCK_CAPTURE_AUTORELEASING = YES;
				CLANG_WARN_BOOL_CONVERSION = YES;
				CLANG_WARN_COMMA = YES;
				CLANG_WARN_CONSTANT_CONVERSION = YES;
				CLANG_WARN_DEPRECATED_OBJC_IMPLEMENTATIONS = YES;
				CLANG_WARN_DIRECT_OBJC_ISA_USAGE = YES_ERROR;
				CLANG_WARN_DOCUMENTATION_COMMENTS = YES;
				CLANG_WARN_EMPTY_BODY = YES;
				CLANG_WARN_ENUM_CONVERSION = YES;
				CLANG_WARN_INFINITE_RECURSION = YES;
				CLANG_WARN_INT_CONVERSION = YES;
				CLANG_WARN_NON_LITERAL_NULL_CONVERSION = YES;
				CLANG_WARN_OBJC_IMPLICIT_RETAIN_SELF = YES;
				CLANG_WARN_OBJC_LITERAL_CONVERSION = YES;
				CLANG_WARN_OBJC_ROOT_CLASS = YES_ERROR;
				CLANG_WARN_RANGE_LOOP_ANALYSIS = YES;
				CLANG_WARN_STRICT_PROTOTYPES = YES;
				CLANG_WARN_SUSPICIOUS_MOVE = YES;
				CLANG_WARN_UNGUARDED_AVAILABILITY = YES_AGGRESSIVE;
				CLANG_WARN_UNREACHABLE_CODE = YES;
				CLANG_WARN__DUPLICATE_METHOD_MATCH = YES;
				CODE_SIGN_IDENTITY = "iPhone Developer";
				COPY_PHASE_STRIP = NO;
				DEBUG_INFORMATION_FORMAT = dwarf;
				ENABLE_STRICT_OBJC_MSGSEND = YES;
				ENABLE_TESTABILITY = YES;
				GCC_C_LANGUAGE_STANDARD = gnu11;
				GCC_DYNAMIC_NO_PIC = NO;
				GCC_NO_COMMON_BLOCKS = YES;
				GCC_OPTIMIZATION_LEVEL = 0;
				GCC_PREPROCESSOR_DEFINITIONS = (
					"DEBUG=1",
					"$(inherited)",
				);
				GCC_WARN_64_TO_32_BIT_CONVERSION = YES;
				GCC_WARN_ABOUT_RETURN_TYPE = YES_ERROR;
				GCC_WARN_UNDECLARED_SELECTOR = YES;
				GCC_WARN_UNINITIALIZED_AUTOS = YES_AGGRESSIVE;
				GCC_WARN_UNUSED_FUNCTION = YES;
				GCC_WARN_UNUSED_VARIABLE = YES;
				IPHONEOS_DEPLOYMENT_TARGET = 12.1;
				MTL_ENABLE_DEBUG_INFO = INCLUDE_SOURCE;
				MTL_FAST_MATH = YES;
				ONLY_ACTIVE_ARCH = YES;
				SDKROOT = iphoneos;
				SWIFT_ACTIVE_COMPILATION_CONDITIONS = DEBUG;
				SWIFT_OPTIMIZATION_LEVEL = "-Onone";
			};
			name = Debug;
		};
		48BBCCC522622A90005A5A69 /* Release */ = {
			isa = XCBuildConfiguration;
			buildSettings = {
				ALWAYS_SEARCH_USER_PATHS = NO;
				CLANG_ANALYZER_NONNULL = YES;
				CLANG_ANALYZER_NUMBER_OBJECT_CONVERSION = YES_AGGRESSIVE;
				CLANG_CXX_LANGUAGE_STANDARD = "gnu++14";
				CLANG_CXX_LIBRARY = "libc++";
				CLANG_ENABLE_MODULES = YES;
				CLANG_ENABLE_OBJC_ARC = YES;
				CLANG_ENABLE_OBJC_WEAK = YES;
				CLANG_WARN_BLOCK_CAPTURE_AUTORELEASING = YES;
				CLANG_WARN_BOOL_CONVERSION = YES;
				CLANG_WARN_COMMA = YES;
				CLANG_WARN_CONSTANT_CONVERSION = YES;
				CLANG_WARN_DEPRECATED_OBJC_IMPLEMENTATIONS = YES;
				CLANG_WARN_DIRECT_OBJC_ISA_USAGE = YES_ERROR;
				CLANG_WARN_DOCUMENTATION_COMMENTS = YES;
				CLANG_WARN_EMPTY_BODY = YES;
				CLANG_WARN_ENUM_CONVERSION = YES;
				CLANG_WARN_INFINITE_RECURSION = YES;
				CLANG_WARN_INT_CONVERSION = YES;
				CLANG_WARN_NON_LITERAL_NULL_CONVERSION = YES;
				CLANG_WARN_OBJC_IMPLICIT_RETAIN_SELF = YES;
				CLANG_WARN_OBJC_LITERAL_CONVERSION = YES;
				CLANG_WARN_OBJC_ROOT_CLASS = YES_ERROR;
				CLANG_WARN_RANGE_LOOP_ANALYSIS = YES;
				CLANG_WARN_STRICT_PROTOTYPES = YES;
				CLANG_WARN_SUSPICIOUS_MOVE = YES;
				CLANG_WARN_UNGUARDED_AVAILABILITY = YES_AGGRESSIVE;
				CLANG_WARN_UNREACHABLE_CODE = YES;
				CLANG_WARN__DUPLICATE_METHOD_MATCH = YES;
				CODE_SIGN_IDENTITY = "iPhone Developer";
				COPY_PHASE_STRIP = NO;
				DEBUG_INFORMATION_FORMAT = "dwarf-with-dsym";
				ENABLE_NS_ASSERTIONS = NO;
				ENABLE_STRICT_OBJC_MSGSEND = YES;
				GCC_C_LANGUAGE_STANDARD = gnu11;
				GCC_NO_COMMON_BLOCKS = YES;
				GCC_WARN_64_TO_32_BIT_CONVERSION = YES;
				GCC_WARN_ABOUT_RETURN_TYPE = YES_ERROR;
				GCC_WARN_UNDECLARED_SELECTOR = YES;
				GCC_WARN_UNINITIALIZED_AUTOS = YES_AGGRESSIVE;
				GCC_WARN_UNUSED_FUNCTION = YES;
				GCC_WARN_UNUSED_VARIABLE = YES;
				IPHONEOS_DEPLOYMENT_TARGET = 12.1;
				MTL_ENABLE_DEBUG_INFO = NO;
				MTL_FAST_MATH = YES;
				SDKROOT = iphoneos;
				SWIFT_COMPILATION_MODE = wholemodule;
				SWIFT_OPTIMIZATION_LEVEL = "-O";
				VALIDATE_PRODUCT = YES;
			};
			name = Release;
		};
		48BBCCC722622A90005A5A69 /* Debug */ = {
			isa = XCBuildConfiguration;
			buildSettings = {
				ASSETCATALOG_COMPILER_APPICON_NAME = AppIcon;
				CODE_SIGN_STYLE = Automatic;
				DEVELOPMENT_TEAM = WSR5W8MK3U;
				INFOPLIST_FILE = MyCV/Info.plist;
				LD_RUNPATH_SEARCH_PATHS = (
					"$(inherited)",
					"@executable_path/Frameworks",
				);
				PRODUCT_BUNDLE_IDENTIFIER = com.mykytagorbulya.MyCV;
				PRODUCT_NAME = "$(TARGET_NAME)";
				SWIFT_VERSION = 5.0;
				TARGETED_DEVICE_FAMILY = 1;
			};
			name = Debug;
		};
		48BBCCC822622A90005A5A69 /* Release */ = {
			isa = XCBuildConfiguration;
			buildSettings = {
				ASSETCATALOG_COMPILER_APPICON_NAME = AppIcon;
				CODE_SIGN_STYLE = Automatic;
				DEVELOPMENT_TEAM = WSR5W8MK3U;
				INFOPLIST_FILE = MyCV/Info.plist;
				LD_RUNPATH_SEARCH_PATHS = (
					"$(inherited)",
					"@executable_path/Frameworks",
				);
				PRODUCT_BUNDLE_IDENTIFIER = com.mykytagorbulya.MyCV;
				PRODUCT_NAME = "$(TARGET_NAME)";
				SWIFT_VERSION = 5.0;
				TARGETED_DEVICE_FAMILY = 1;
			};
			name = Release;
		};
/* End XCBuildConfiguration section */

/* Begin XCConfigurationList section */
		48BBCCAF22622A8E005A5A69 /* Build configuration list for PBXProject "MyCV" */ = {
			isa = XCConfigurationList;
			buildConfigurations = (
				48BBCCC422622A90005A5A69 /* Debug */,
				48BBCCC522622A90005A5A69 /* Release */,
			);
			defaultConfigurationIsVisible = 0;
			defaultConfigurationName = Release;
		};
		48BBCCC622622A90005A5A69 /* Build configuration list for PBXNativeTarget "MyCV" */ = {
			isa = XCConfigurationList;
			buildConfigurations = (
				48BBCCC722622A90005A5A69 /* Debug */,
				48BBCCC822622A90005A5A69 /* Release */,
			);
			defaultConfigurationIsVisible = 0;
			defaultConfigurationName = Release;
		};
/* End XCConfigurationList section */
	};
	rootObject = 48BBCCAC22622A8E005A5A69 /* Project object */;
}
